
Microsoft Visual Studio Solution File, Format Version 12.00
# Visual Studio Version 17
VisualStudioVersion = 17.14.36603.0 d17.14
MinimumVisualStudioVersion = 10.0.40219.1
Project("{FAE04EC0-301F-11D3-BF4B-00C04F79EFBC}") = "HeThong_BanVeMayBay", "HeThong_BanVeMayBay\HeThong_BanVeMayBay.csproj", "{DD1CE589-B519-4756-A8E4-33B65CF65CCE}"
EndProject
Global
	GlobalSection(SolutionConfigurationPlatforms) = preSolution
		Debug|Any CPU = Debug|Any CPU
		Release|Any CPU = Release|Any CPU
	EndGlobalSection
	GlobalSection(ProjectConfigurationPlatforms) = postSolution
		{DD1CE589-B519-4756-A8E4-33B65CF65CCE}.Debug|Any CPU.ActiveCfg = Debug|Any CPU
		{DD1CE589-B519-4756-A8E4-33B65CF65CCE}.Debug|Any CPU.Build.0 = Debug|Any CPU
		{DD1CE589-B519-4756-A8E4-33B65CF65CCE}.Release|Any CPU.ActiveCfg = Release|Any CPU
		{DD1CE589-B519-4756-A8E4-33B65CF65CCE}.Release|Any CPU.Build.0 = Release|Any CPU
	EndGlobalSection
	GlobalSection(SolutionProperties) = preSolution
		HideSolutionNode = FALSE
	EndGlobalSection
	GlobalSection(ExtensibilityGlobals) = postSolution
		SolutionGuid = {E173D07D-E7C1-4D72-97E9-F91927F6F850}
	EndGlobalSection
EndGlobal
